
Microsoft Visual Studio Solution File, Format Version 12.00
# Visual Studio 15
VisualStudioVersion = 15.0.27703.2000
MinimumVisualStudioVersion = 10.0.40219.1
Project("{FAE04EC0-301F-11D3-BF4B-00C04F79EFBC}") = "Film", "Film\Film.csproj", "{2B8A3A91-657F-47CC-BEA6-241FF0479240}"
EndProject
Global
	GlobalSection(SolutionConfigurationPlatforms) = preSolution
		Debug|Any CPU = Debug|Any CPU
		Release|Any CPU = Release|Any CPU
	EndGlobalSection
	GlobalSection(ProjectConfigurationPlatforms) = postSolution
		{2B8A3A91-657F-47CC-BEA6-241FF0479240}.Debug|Any CPU.ActiveCfg = Debug|Any CPU
		{2B8A3A91-657F-47CC-BEA6-241FF0479240}.Debug|Any CPU.Build.0 = Debug|Any CPU
		{2B8A3A91-657F-47CC-BEA6-241FF0479240}.Release|Any CPU.ActiveCfg = Release|Any CPU
		{2B8A3A91-657F-47CC-BEA6-241FF0479240}.Release|Any CPU.Build.0 = Release|Any CPU
	EndGlobalSection
	GlobalSection(SolutionProperties) = preSolution
		HideSolutionNode = FALSE
	EndGlobalSection
	GlobalSection(ExtensibilityGlobals) = postSolution
		SolutionGuid = {4B048E81-FFE4-45CE-B365-FA2AD8836DEE}
	EndGlobalSection
EndGlobal
